<?xml version="1.0" encoding="UTF-8" standalone="yes" ?>
<CodeBlocks_project_file>
	<FileVersion major="1" minor="6" />
	<Project>
		<Option title="Robot" />
		<Option pch_mode="2" />
		<Option compiler="gcc" />
		<Build>
			<Target title="Debug">
				<Option output="bin/Debug/Robot" prefix_auto="1" extension_auto="1" />
				<Option working_dir="bin" />
				<Option object_output="obj/Debug/" />
				<Option type="1" />
				<Option compiler="gcc" />
				<Compiler>
					<Add option="-g" />
				</Compiler>
			</Target>
			<Target title="Release">
				<Option output="bin/Release/Robot" prefix_auto="1" extension_auto="1" />
				<Option working_dir="bin" />
				<Option object_output="obj/Release/" />
				<Option type="1" />
				<Option compiler="gcc" />
				<Compiler>
					<Add option="-march=corei7" />
					<Add option="-fomit-frame-pointer" />
					<Add option="-fexpensive-optimizations" />
					<Add option="-O3" />
				</Compiler>
				<Linker>
					<Add option="-s" />
				</Linker>
			</Target>
			<Target title="Profile">
				<Option output="bin/Profile/Robot" prefix_auto="1" extension_auto="1" />
				<Option working_dir="bin" />
				<Option object_output="obj/Profile/" />
				<Option type="1" />
				<Option compiler="gcc" />
				<Compiler>
					<Add option="-pg" />
					<Add option="-g" />
				</Compiler>
				<Linker>
					<Add option="-pg -lgmon" />
				</Linker>
			</Target>
		</Build>
		<Compiler>
			<Add option="-Wall" />
			<Add directory="header" />
			<Add directory="header/SDL2_image" />
			<Add directory="header/SDL2" />
			<Add directory="header/Glew" />
		</Compiler>
		<Linker>
			<Add library="glew32" />
			<Add library="SDL2" />
			<Add library="opengl32" />
			<Add library="SDL2_image" />
			<Add directory="bin" />
		</Linker>
		<Unit filename="header/app.h" />
		<Unit filename="header/bullet.h" />
		<Unit filename="header/carre.h" />
		<Unit filename="header/cube.h" />
		<Unit filename="header/fenetre.h" />
		<Unit filename="header/gl_debug.h" />
		<Unit filename="header/instance.h" />
		<Unit filename="header/light.h" />
		<Unit filename="header/mesh.h" />
		<Unit filename="header/objLoader.h" />
		<Unit filename="header/physics/collision.h" />
		<Unit filename="header/physics/contact.h" />
		<Unit filename="header/physics/particule.h" />
		<Unit filename="header/plan.h" />
		<Unit filename="header/player.h" />
		<Unit filename="header/robot.h" />
		<Unit filename="header/shader.h" />
		<Unit filename="header/shaderLoader.h" />
		<Unit filename="header/sphere.h" />
		<Unit filename="header/texture.h" />
		<Unit filename="header/utils/liste.h" />
		<Unit filename="header/utils/listeContact.h" />
		<Unit filename="header/utils/listeString.h" />
		<Unit filename="header/utils/matrix.h" />
		<Unit filename="header/utils/vec2.h" />
		<Unit filename="header/utils/vec3.h" />
		<Unit filename="header/utils/vec4.h" />
		<Unit filename="source/app.c">
			<Option compilerVar="CC" />
		</Unit>
		<Unit filename="source/bullet.c">
			<Option compilerVar="CC" />
		</Unit>
		<Unit filename="source/fenetre.c">
			<Option compilerVar="CC" />
		</Unit>
		<Unit filename="source/frag_shaders/noLight.frag" />
		<Unit filename="source/frag_shaders/noTexNoLight.frag" />
		<Unit filename="source/frag_shaders/perFragment.frag" />
		<Unit filename="source/frag_shaders/perVertex.frag" />
		<Unit filename="source/gl_debug.c">
			<Option compilerVar="CC" />
		</Unit>
		<Unit filename="source/instance.c">
			<Option compilerVar="CC" />
		</Unit>
		<Unit filename="source/light.c">
			<Option compilerVar="CC" />
		</Unit>
		<Unit filename="source/main.c">
			<Option compilerVar="CC" />
		</Unit>
		<Unit filename="source/mesh.c">
			<Option compilerVar="CC" />
		</Unit>
		<Unit filename="source/objLoader.c">
			<Option compilerVar="CC" />
		</Unit>
		<Unit filename="source/physics/collision.c">
			<Option compilerVar="CC" />
		</Unit>
		<Unit filename="source/physics/contact.c">
			<Option compilerVar="CC" />
		</Unit>
		<Unit filename="source/physics/particule.c">
			<Option compilerVar="CC" />
		</Unit>
		<Unit filename="source/plan.c">
			<Option compilerVar="CC" />
		</Unit>
		<Unit filename="source/player.c">
			<Option compilerVar="CC" />
		</Unit>
		<Unit filename="source/robot.c">
			<Option compilerVar="CC" />
		</Unit>
		<Unit filename="source/shader.c">
			<Option compilerVar="CC" />
		</Unit>
		<Unit filename="source/shaderLoader.c">
			<Option compilerVar="CC" />
		</Unit>
		<Unit filename="source/sphere.c">
			<Option compilerVar="CC" />
		</Unit>
		<Unit filename="source/texture.c">
			<Option compilerVar="CC" />
		</Unit>
		<Unit filename="source/utils/liste.c">
			<Option compilerVar="CC" />
		</Unit>
		<Unit filename="source/utils/listeContact.c">
			<Option compilerVar="CC" />
		</Unit>
		<Unit filename="source/utils/listeString.c">
			<Option compilerVar="CC" />
		</Unit>
		<Unit filename="source/utils/matrix.c">
			<Option compilerVar="CC" />
		</Unit>
		<Unit filename="source/utils/vec2.c">
			<Option compilerVar="CC" />
		</Unit>
		<Unit filename="source/utils/vec3.c">
			<Option compilerVar="CC" />
		</Unit>
		<Unit filename="source/utils/vec4.c">
			<Option compilerVar="CC" />
		</Unit>
		<Unit filename="source/vert_shaders/instancePerFragment.vert" />
		<Unit filename="source/vert_shaders/noLight.vert" />
		<Unit filename="source/vert_shaders/noTexNoLight.vert" />
		<Unit filename="source/vert_shaders/perFragment.vert" />
		<Unit filename="source/vert_shaders/perVertex.vert" />
		<Extensions>
			<code_completion />
			<envvars />
			<debugger />
			<lib_finder disable_auto="1">
				<lib name="SDL2" />
				<lib name="Glew" />
				<lib name="OpenGL" />
			</lib_finder>
			<DoxyBlocks>
				<comment_style block="0" line="0" />
				<doxyfile_project />
				<doxyfile_build />
				<doxyfile_warnings />
				<doxyfile_output />
				<doxyfile_dot />
				<general />
			</DoxyBlocks>
		</Extensions>
	</Project>
</CodeBlocks_project_file>
